<?xml version="1.0" encoding="UTF-8" standalone="yes" ?>
<CodeBlocks_project_file>
	<FileVersion major="1" minor="6" />
	<Project>
		<Option title="Stratopia" />
		<Option pch_mode="2" />
		<Option compiler="gcc" />
		<Build>
			<Target title="Debug">
				<Option output="bin/Debug/Stratopia" prefix_auto="1" extension_auto="1" />
				<Option object_output="obj/Debug/" />
				<Option type="1" />
				<Option compiler="gcc" />
				<Option use_console_runner="0" />
				<Compiler>
					<Add option="-g" />
					<Add directory="Editeur/Map" />
					<Add directory="Editeur/Tiles" />
					<Add directory="../../../../../SDL2/i686-w64-mingw32/include/SDL2" />
					<Add directory="Jeu/Map" />
					<Add directory="include" />
					<Add directory="Tools" />
					<Add directory="GameObjects" />
					<Add directory="Controller" />
					<Add directory="Jeu" />
					<Add directory="Task" />
					<Add directory="Jeu/Unites" />
				</Compiler>
				<Linker>
					<Add directory="../../../../../SDL2/lib" />
				</Linker>
			</Target>
			<Target title="Release">
				<Option output="bin/Release/Stratopia" prefix_auto="1" extension_auto="1" />
				<Option object_output="obj/Release/" />
				<Option type="0" />
				<Option compiler="gcc" />
				<Compiler>
					<Add option="-O2" />
					<Add directory="Editeur/Map" />
					<Add directory="Editeur/Tiles" />
					<Add directory="Jeu/Map" />
					<Add directory="include" />
					<Add directory="Tools" />
					<Add directory="Jeu" />
					<Add directory="Task" />
					<Add directory="Jeu/Unites" />
				</Compiler>
				<Linker>
					<Add option="-s" />
				</Linker>
			</Target>
		</Build>
		<Compiler>
			<Add option="-Wall" />
			<Add directory="include" />
		</Compiler>
		<Linker>
			<Add library="mingw32" />
			<Add library="libSDL2.dll.a" />
			<Add library="libSDL2_image.a" />
			<Add library="libSDL2_image.dll.a" />
			<Add library="libSDL2_ttf.a" />
			<Add library="libSDL2_ttf.dll.a" />
			<Add library="libSDL2main.a" />
			<Add library="SDL2main" />
			<Add library="SDL2.dll" />
			<Add directory="lib" />
		</Linker>
		<Unit filename="Controller/aicontroller.cpp" />
		<Unit filename="Controller/aicontroller.h" />
		<Unit filename="Controller/controller.cpp" />
		<Unit filename="Controller/controller.h" />
		<Unit filename="Controller/playercontroller.cpp" />
		<Unit filename="Controller/playercontroller.h" />
		<Unit filename="Editeur/Map/mapediteur.cpp" />
		<Unit filename="Editeur/Map/mapediteur.h" />
		<Unit filename="Editeur/Tiles/tilesediteur.cpp" />
		<Unit filename="Editeur/Tiles/tilesediteur.h" />
		<Unit filename="GameObjects/building.cpp" />
		<Unit filename="GameObjects/building.h" />
		<Unit filename="GameObjects/gameobject.cpp" />
		<Unit filename="GameObjects/gameobject.h" />
		<Unit filename="GameObjects/movableobject.cpp" />
		<Unit filename="GameObjects/movableobject.h" />
		<Unit filename="GameObjects/renderableobject.cpp" />
		<Unit filename="GameObjects/renderableobject.h" />
		<Unit filename="GameObjects/unit.cpp" />
		<Unit filename="GameObjects/unit.h">
			<Option target="&lt;{~None~}&gt;" />
		</Unit>
		<Unit filename="GameObjects/unitcac.cpp" />
		<Unit filename="GameObjects/unitcac.h" />
		<Unit filename="GameObjects/unitdistance.cpp" />
		<Unit filename="GameObjects/unitdistance.h" />
		<Unit filename="Jeu/Map/mapjeu.cpp" />
		<Unit filename="Jeu/Map/mapjeu.h">
			<Option compile="1" />
		</Unit>
		<Unit filename="Jeu/Unites/unitcachumaintexture.cpp" />
		<Unit filename="Jeu/Unites/unitcachumaintexture.h" />
		<Unit filename="Jeu/Unites/unitcacorctexture.cpp" />
		<Unit filename="Jeu/Unites/unitcacorctexture.h" />
		<Unit filename="Jeu/Unites/unitdistancehumaintexture.cpp" />
		<Unit filename="Jeu/Unites/unitdistancehumaintexture.h" />
		<Unit filename="Jeu/Unites/unitdistanceorctexture.cpp" />
		<Unit filename="Jeu/Unites/unitdistanceorctexture.h" />
		<Unit filename="Jeu/Unites/unittextures.cpp" />
		<Unit filename="Jeu/Unites/unittextures.h" />
		<Unit filename="Jeu/camera.cpp" />
		<Unit filename="Jeu/camera.h" />
		<Unit filename="Jeu/jeu.cpp" />
		<Unit filename="Jeu/jeu.h">
			<Option compile="1" />
		</Unit>
		<Unit filename="Task/Explore.cpp" />
		<Unit filename="Task/Explore.h" />
		<Unit filename="Task/task.cpp" />
		<Unit filename="Task/task.h" />
		<Unit filename="Tools/node.cpp" />
		<Unit filename="Tools/node.h" />
		<Unit filename="Tools/tools.cpp" />
		<Unit filename="Tools/tools.h" />
		<Unit filename="Tools/vector2d.cpp" />
		<Unit filename="Tools/vector2d.h" />
		<Unit filename="include/SDL2/SDL.h" />
		<Unit filename="include/SDL2/SDL_assert.h" />
		<Unit filename="include/SDL2/SDL_atomic.h" />
		<Unit filename="include/SDL2/SDL_audio.h" />
		<Unit filename="include/SDL2/SDL_bits.h" />
		<Unit filename="include/SDL2/SDL_blendmode.h" />
		<Unit filename="include/SDL2/SDL_clipboard.h" />
		<Unit filename="include/SDL2/SDL_config.h" />
		<Unit filename="include/SDL2/SDL_cpuinfo.h" />
		<Unit filename="include/SDL2/SDL_egl.h" />
		<Unit filename="include/SDL2/SDL_endian.h" />
		<Unit filename="include/SDL2/SDL_error.h" />
		<Unit filename="include/SDL2/SDL_events.h" />
		<Unit filename="include/SDL2/SDL_filesystem.h" />
		<Unit filename="include/SDL2/SDL_gamecontroller.h" />
		<Unit filename="include/SDL2/SDL_gesture.h" />
		<Unit filename="include/SDL2/SDL_haptic.h" />
		<Unit filename="include/SDL2/SDL_hints.h" />
		<Unit filename="include/SDL2/SDL_image.h" />
		<Unit filename="include/SDL2/SDL_joystick.h" />
		<Unit filename="include/SDL2/SDL_keyboard.h" />
		<Unit filename="include/SDL2/SDL_keycode.h" />
		<Unit filename="include/SDL2/SDL_loadso.h" />
		<Unit filename="include/SDL2/SDL_log.h" />
		<Unit filename="include/SDL2/SDL_main.h" />
		<Unit filename="include/SDL2/SDL_messagebox.h" />
		<Unit filename="include/SDL2/SDL_mouse.h" />
		<Unit filename="include/SDL2/SDL_mutex.h" />
		<Unit filename="include/SDL2/SDL_name.h" />
		<Unit filename="include/SDL2/SDL_opengl.h" />
		<Unit filename="include/SDL2/SDL_opengl_glext.h" />
		<Unit filename="include/SDL2/SDL_opengles.h" />
		<Unit filename="include/SDL2/SDL_opengles2.h" />
		<Unit filename="include/SDL2/SDL_opengles2_gl2.h" />
		<Unit filename="include/SDL2/SDL_opengles2_gl2ext.h" />
		<Unit filename="include/SDL2/SDL_opengles2_gl2platform.h" />
		<Unit filename="include/SDL2/SDL_opengles2_khrplatform.h" />
		<Unit filename="include/SDL2/SDL_pixels.h" />
		<Unit filename="include/SDL2/SDL_platform.h" />
		<Unit filename="include/SDL2/SDL_power.h" />
		<Unit filename="include/SDL2/SDL_quit.h" />
		<Unit filename="include/SDL2/SDL_rect.h" />
		<Unit filename="include/SDL2/SDL_render.h" />
		<Unit filename="include/SDL2/SDL_revision.h" />
		<Unit filename="include/SDL2/SDL_rwops.h" />
		<Unit filename="include/SDL2/SDL_scancode.h" />
		<Unit filename="include/SDL2/SDL_shape.h" />
		<Unit filename="include/SDL2/SDL_stdinc.h" />
		<Unit filename="include/SDL2/SDL_surface.h" />
		<Unit filename="include/SDL2/SDL_system.h" />
		<Unit filename="include/SDL2/SDL_syswm.h" />
		<Unit filename="include/SDL2/SDL_test.h" />
		<Unit filename="include/SDL2/SDL_test_assert.h" />
		<Unit filename="include/SDL2/SDL_test_common.h" />
		<Unit filename="include/SDL2/SDL_test_compare.h" />
		<Unit filename="include/SDL2/SDL_test_crc32.h" />
		<Unit filename="include/SDL2/SDL_test_font.h" />
		<Unit filename="include/SDL2/SDL_test_fuzzer.h" />
		<Unit filename="include/SDL2/SDL_test_harness.h" />
		<Unit filename="include/SDL2/SDL_test_images.h" />
		<Unit filename="include/SDL2/SDL_test_log.h" />
		<Unit filename="include/SDL2/SDL_test_md5.h" />
		<Unit filename="include/SDL2/SDL_test_random.h" />
		<Unit filename="include/SDL2/SDL_thread.h" />
		<Unit filename="include/SDL2/SDL_timer.h" />
		<Unit filename="include/SDL2/SDL_touch.h" />
		<Unit filename="include/SDL2/SDL_ttf.h" />
		<Unit filename="include/SDL2/SDL_types.h" />
		<Unit filename="include/SDL2/SDL_version.h" />
		<Unit filename="include/SDL2/SDL_video.h" />
		<Unit filename="include/SDL2/begin_code.h" />
		<Unit filename="include/SDL2/close_code.h" />
		<Unit filename="main.cpp" />
		<Unit filename="unitdistanceorctexture.cpp" />
		<Unit filename="unitdistanceorctexture.h" />
		<Extensions>
			<code_completion />
			<envvars />
			<debugger />
			<lib_finder disable_auto="1" />
		</Extensions>
	</Project>
</CodeBlocks_project_file>
